# This file is autogenerated, do not edit; changes may be undone by the next 'dep ensure'.


[[projects]]
  branch = "master"
  name = "github.com/r7kamura/gospel"
  packages = ["."]
  revision = "d575dd12c2eb84612ae5c84fab56ccb4ce156a1e"

[solve-meta]
  analyzer-name = "dep"
  analyzer-version = 1
  inputs-digest = "7689a301fd1505ca7d340fcd734001e0e28507a2a6101c4334cede77c21de7ef"
  solver-name = "gps-cdcl"
  solver-version = 1
